
Microsoft Visual Studio Solution File, Format Version 12.00
# Visual Studio Version 17
VisualStudioVersion = 17.9.34607.119
MinimumVisualStudioVersion = 10.0.40219.1
Project("{2150E333-8FDC-42A3-9474-1A3956D46DE8}") = "src", "src", "{0BA1CCF9-3E28-49C9-92D1-900B91BE7B26}"
EndProject
Project("{9A19103F-16F7-4668-BE54-9A1E7A4F7556}") = "Smooth.Flaunt.Server", "src\Smooth.Client.Server\Smooth.Flaunt.Server.csproj", "{F62C5593-69A1-444D-B248-9C0D82665655}"
EndProject
Project("{9A19103F-16F7-4668-BE54-9A1E7A4F7556}") = "Smooth.Flaunt.Shared", "src\Smooth.Client.Shared\Smooth.Flaunt.Shared.csproj", "{C8CA164F-FDB2-4744-AD37-2EBFF40EF492}"
EndProject
Project("{9A19103F-16F7-4668-BE54-9A1E7A4F7556}") = "Smooth.Flaunt.Client", "src\Smooth.Flaunt.Client\Smooth.Flaunt.Client.csproj", "{D97FAFC7-B508-4425-8AD7-6C364F99130D}"
EndProject
Global
	GlobalSection(SolutionConfigurationPlatforms) = preSolution
		Debug|Any CPU = Debug|Any CPU
		Release|Any CPU = Release|Any CPU
	EndGlobalSection
	GlobalSection(ProjectConfigurationPlatforms) = postSolution
		{F62C5593-69A1-444D-B248-9C0D82665655}.Debug|Any CPU.ActiveCfg = Debug|Any CPU
		{F62C5593-69A1-444D-B248-9C0D82665655}.Debug|Any CPU.Build.0 = Debug|Any CPU
		{F62C5593-69A1-444D-B248-9C0D82665655}.Release|Any CPU.ActiveCfg = Release|Any CPU
		{F62C5593-69A1-444D-B248-9C0D82665655}.Release|Any CPU.Build.0 = Release|Any CPU
		{C8CA164F-FDB2-4744-AD37-2EBFF40EF492}.Debug|Any CPU.ActiveCfg = Debug|Any CPU
		{C8CA164F-FDB2-4744-AD37-2EBFF40EF492}.Debug|Any CPU.Build.0 = Debug|Any CPU
		{C8CA164F-FDB2-4744-AD37-2EBFF40EF492}.Release|Any CPU.ActiveCfg = Release|Any CPU
		{C8CA164F-FDB2-4744-AD37-2EBFF40EF492}.Release|Any CPU.Build.0 = Release|Any CPU
		{D97FAFC7-B508-4425-8AD7-6C364F99130D}.Debug|Any CPU.ActiveCfg = Debug|Any CPU
		{D97FAFC7-B508-4425-8AD7-6C364F99130D}.Debug|Any CPU.Build.0 = Debug|Any CPU
		{D97FAFC7-B508-4425-8AD7-6C364F99130D}.Release|Any CPU.ActiveCfg = Release|Any CPU
		{D97FAFC7-B508-4425-8AD7-6C364F99130D}.Release|Any CPU.Build.0 = Release|Any CPU
	EndGlobalSection
	GlobalSection(SolutionProperties) = preSolution
		HideSolutionNode = FALSE
	EndGlobalSection
	GlobalSection(NestedProjects) = preSolution
		{F62C5593-69A1-444D-B248-9C0D82665655} = {0BA1CCF9-3E28-49C9-92D1-900B91BE7B26}
		{C8CA164F-FDB2-4744-AD37-2EBFF40EF492} = {0BA1CCF9-3E28-49C9-92D1-900B91BE7B26}
		{D97FAFC7-B508-4425-8AD7-6C364F99130D} = {0BA1CCF9-3E28-49C9-92D1-900B91BE7B26}
	EndGlobalSection
	GlobalSection(ExtensibilityGlobals) = postSolution
		SolutionGuid = {CF788E17-7662-4959-99F1-4CECF326D8AD}
	EndGlobalSection
EndGlobal
